{
  "name": "vamtiger-node-typescript-commit",
  "version": "0.0.43-0",
  "lockfileVersion": 1,
  "requires": true,
  "dependencies": {
    "@types/chai": {
      "version": "4.0.6",
      "resolved": "https://registry.npmjs.org/@types/chai/-/chai-4.0.6.tgz",
      "integrity": "sha512-IzRWv/7IpaMm41KLLJcaaD/UKit/MrHu4rWs61oWiVjuk4aKWe2eopx3XyhAHhSnMyB5EeCMRr2AsJtuQ8COWA=="
    },
    "cha": {
      "version": "0.2.1",
      "resolved": "https://registry.npmjs.org/cha/-/cha-0.2.1.tgz",
      "integrity": "sha1-U49oLakcXnT2KDnOl8KpJ5Fy5L4=",
      "requires": {
        "lodash": "2.4.2"
      }
    },
    "lodash": {
      "version": "2.4.2",
      "resolved": "https://registry.npmjs.org/lodash/-/lodash-2.4.2.tgz",
      "integrity": "sha1-+t2DS5aDBz2hebPq5tnA0VBT9z4="
    },
    "vamtiger-argv": {
      "version": "1.2.1",
      "resolved": "https://registry.npmjs.org/vamtiger-argv/-/vamtiger-argv-1.2.1.tgz",
      "integrity": "sha1-/m9P0wkJfTqnYw/e0HsGh6T9t34=",
      "requires": {
        "@types/chai": "4.0.6",
        "cha": "0.2.1",
        "vamtiger-node-typescript-commit": "0.0.16",
        "vamtiger-regex-leading-dash": "1.0.10",
        "xregexp": "3.2.0"
      },
      "dependencies": {
        "bluebird": {
          "version": "3.5.1",
          "resolved": "https://registry.npmjs.org/bluebird/-/bluebird-3.5.1.tgz",
          "integrity": "sha512-MKiLiV+I1AA596t9w1sQJ8jkiSr5+ZKi0WKrYGUn6d1Fx+Ij4tIj+m2WMQSGczs5jZVxV339chE8iwk6F64wjA=="
        },
        "vamtiger-bash": {
          "version": "0.0.11",
          "resolved": "https://registry.npmjs.org/vamtiger-bash/-/vamtiger-bash-0.0.11.tgz",
          "integrity": "sha512-zGgno0W8vZCw+PgCmKH2XSXzgRqmmmqNZr+XfhmOPAUcTzBh3dtdDahlTN91ETaKsbiBzIdj8tjExz77kscw0w==",
          "requires": {
            "bluebird": "3.5.1"
          }
        },
        "vamtiger-node-typescript-commit": {
          "version": "0.0.16",
          "resolved": "https://registry.npmjs.org/vamtiger-node-typescript-commit/-/vamtiger-node-typescript-commit-0.0.16.tgz",
          "integrity": "sha512-bplNDWPkFUwW6FX/cW8Lf/jwhGkjOuZmnUxuC+H1RfE8mi8tRUnHYnjCsu4XuDw8eg2V4H6fjapR+SkdO7idYw==",
          "requires": {
            "bluebird": "3.5.1",
            "vamtiger-argv": "1.2.1",
            "vamtiger-bash": "0.0.11",
            "xregexp": "3.2.0"
          }
        },
        "xregexp": {
          "version": "3.2.0",
          "resolved": "https://registry.npmjs.org/xregexp/-/xregexp-3.2.0.tgz",
          "integrity": "sha1-yzYBmHv+JpW1hAAMGPHEqMMih44="
        }
      }
    },
    "vamtiger-regex-leading-dash": {
      "version": "1.0.10",
      "resolved": "https://registry.npmjs.org/vamtiger-regex-leading-dash/-/vamtiger-regex-leading-dash-1.0.10.tgz",
      "integrity": "sha512-eVwcMNVVUM4AXjt8BGen2V9gnu8ceCiB+vF9i3ar6OIIm3Ql4mhS/rr50xJYB4yfteRsL9UsXYRJWqUbZGOqeQ==",
      "requires": {
        "xregexp": "3.2.0"
      },
      "dependencies": {
        "xregexp": {
          "version": "3.2.0",
          "resolved": "https://registry.npmjs.org/xregexp/-/xregexp-3.2.0.tgz",
          "integrity": "sha1-yzYBmHv+JpW1hAAMGPHEqMMih44="
        }
      }
    }
  }
}
